PODS:
  - FlutterMacOS (1.0.0)
  - test_texture (0.0.1):
    - FlutterMacOS

DEPENDENCIES:
  - FlutterMacOS (from `Flutter/ephemeral`)
  - test_texture (from `Flutter/ephemeral/.symlinks/plugins/test_texture/macos`)

EXTERNAL SOURCES:
  FlutterMacOS:
    :path: Flutter/ephemeral
  test_texture:
    :path: Flutter/ephemeral/.symlinks/plugins/test_texture/macos

SPEC CHECKSUMS:
  FlutterMacOS: 8f6f14fa908a6fb3fba0cd85dbd81ec4b251fb24
  test_texture: 5510366e5295c0491a13bfe2658568d73f5b5229

PODFILE CHECKSUM: 353c8bcc5d5b0994e508d035b5431cfe18c1dea7

COCOAPODS: 1.11.3
